
Microsoft Visual Studio Solution File, Format Version 12.00
# Visual Studio Version 16
VisualStudioVersion = 16.0.30014.187
MinimumVisualStudioVersion = 10.0.40219.1
Project("{2150E333-8FDC-42A3-9474-1A3956D46DE8}") = "Apps", "Apps", "{F5B1D267-145D-48AF-B4B5-7CC3826EB197}"
EndProject
Project("{2150E333-8FDC-42A3-9474-1A3956D46DE8}") = "Fontend", "Fontend", "{2DEE2C8A-ABB1-4310-800C-FD13EF88A481}"
EndProject
Project("{2150E333-8FDC-42A3-9474-1A3956D46DE8}") = "ServiceManager", "ServiceManager", "{EE858827-127B-4B37-B877-2022E3350862}"
EndProject
Project("{9A19103F-16F7-4668-BE54-9A1E7A4F7556}") = "Tauron.Application.ServiceManager", "Tauron.Application.ServiceManager\Tauron.Application.ServiceManager.csproj", "{90EECE15-7576-4125-82CE-0B6C29BD3C96}"
EndProject
Project("{2150E333-8FDC-42A3-9474-1A3956D46DE8}") = "Test", "Test", "{52782757-EC7C-42FD-85C9-17566C9FAD7F}"
EndProject
Project("{2150E333-8FDC-42A3-9474-1A3956D46DE8}") = "TestService", "TestService", "{7CE7EEA5-EAA5-4FE9-914B-799CB2E3E13A}"
EndProject
Project("{9A19103F-16F7-4668-BE54-9A1E7A4F7556}") = "ExpressionEvaluatorTestService", "ExpressionEvaluatorTestService\ExpressionEvaluatorTestService.csproj", "{07C87529-D0F6-43E8-A76A-6243F288DECC}"
EndProject
Project("{9A19103F-16F7-4668-BE54-9A1E7A4F7556}") = "ExpressionEvaluatorTestService.Api", "ExpressionEvaluatorTestService.Api\ExpressionEvaluatorTestService.Api.csproj", "{D08E99E0-E410-4AC3-8170-8B5EEBB81AB1}"
EndProject
Project("{FAE04EC0-301F-11D3-BF4B-00C04F79EFBC}") = "ServiceManagerIpProbe", "ServiceManagerIpProbe\ServiceManagerIpProbe.csproj", "{6EECB5FF-FB55-4C10-8BD3-0026ACD90A10}"
EndProject
Project("{9A19103F-16F7-4668-BE54-9A1E7A4F7556}") = "Servicemnager.Networking", "Servicemnager.Networking\Servicemnager.Networking.csproj", "{45FD8011-7183-408D-874D-59242E31270C}"
EndProject
Project("{9A19103F-16F7-4668-BE54-9A1E7A4F7556}") = "ServiceManager.ProjectRepository", "ServiceManager.ProjectRepository\ServiceManager.ProjectRepository.csproj", "{09FEC4DC-CAE1-4C46-8004-444FEF09CCB0}"
EndProject
Project("{9A19103F-16F7-4668-BE54-9A1E7A4F7556}") = "ServiceManager.ProjectDeploment", "ServiceManager.ProjectDeploment\ServiceManager.ProjectDeploment.csproj", "{8E67ADFB-AF15-4702-AE0D-9CCAF4457D39}"
EndProject
Project("{9A19103F-16F7-4668-BE54-9A1E7A4F7556}") = "AkkaTest", "AkkaTest\AkkaTest.csproj", "{173A2B3C-9079-4353-853D-2E7205B5AD6E}"
EndProject
Project("{2150E333-8FDC-42A3-9474-1A3956D46DE8}") = "Backend", "Backend", "{93072FB8-10D4-470D-9274-42F43E4192C3}"
EndProject
Project("{2150E333-8FDC-42A3-9474-1A3956D46DE8}") = "DevTools", "DevTools", "{F4AEF18A-9321-460B-BA7A-E1810FF3D7A2}"
EndProject
Project("{9A19103F-16F7-4668-BE54-9A1E7A4F7556}") = "Tauron.Application.Localizer.DataModel", "Tauron.Application.Localizer.DataModel\Tauron.Application.Localizer.DataModel.csproj", "{E34BD1BD-AC3B-4B55-80F5-A1C9C1D2BEE6}"
EndProject
Project("{9A19103F-16F7-4668-BE54-9A1E7A4F7556}") = "Tauron.Application.Localizer.UIModels", "Tauron.Application.Localizer.UIModels\Tauron.Application.Localizer.UIModels.csproj", "{5B5C3C8C-E40D-4E39-9515-5008BF29149A}"
EndProject
Project("{9A19103F-16F7-4668-BE54-9A1E7A4F7556}") = "Tauron.Application.Localizer", "Tauron.Application.Localizer\Tauron.Application.Localizer.csproj", "{BD61D8E1-355A-41BB-B134-2B741C25EECB}"
EndProject
Project("{2150E333-8FDC-42A3-9474-1A3956D46DE8}") = "ServiceHost", "ServiceHost", "{C27393AE-5503-4433-BBE7-3D8A81A6EC9D}"
EndProject
Project("{9A19103F-16F7-4668-BE54-9A1E7A4F7556}") = "ServiceHost", "ServiceHost\ServiceHost.csproj", "{5CBD2707-81CF-45B1-84AC-F96F7ECD52D7}"
EndProject
Project("{9A19103F-16F7-4668-BE54-9A1E7A4F7556}") = "RepositoryServer", "RepositoryServer\RepositoryServer.csproj", "{242FB709-09C6-4E67-9FE6-A5D010F85FFD}"
EndProject
Project("{9A19103F-16F7-4668-BE54-9A1E7A4F7556}") = "DeploymentServer", "DeploymentServer\DeploymentServer.csproj", "{FE7AD57E-0B19-4AA1-93BD-12C719A5E73B}"
EndProject
Project("{9A19103F-16F7-4668-BE54-9A1E7A4F7556}") = "AutoUpdateRunner", "AutoUpdateRunner\AutoUpdateRunner.csproj", "{55351A91-BA3F-487B-9715-CC402793BA73}"
EndProject
Project("{2150E333-8FDC-42A3-9474-1A3956D46DE8}") = "Shared", "Shared", "{E8855451-9C4C-4EC8-91D7-98A4D3B1DD76}"
EndProject
Project("{9A19103F-16F7-4668-BE54-9A1E7A4F7556}") = "Tauron.Application.Common", "Tauron.Application.Common\Tauron.Application.Common.csproj", "{6DB916C6-66AE-48EB-BA20-D984B1FC28F0}"
EndProject
Project("{9A19103F-16F7-4668-BE54-9A1E7A4F7556}") = "Tauron.Application.Settings", "Tauron.Application.Settings\Tauron.Application.Settings.csproj", "{4FDBA9D6-4D7A-41AF-8720-6F2F45170B47}"
EndProject
Project("{9A19103F-16F7-4668-BE54-9A1E7A4F7556}") = "Tauron.Application.Workshop", "Tauron.Application.Workshop\Tauron.Application.Workshop.csproj", "{D75AA171-14A5-4FC4-A53D-2BD7E7EA2EB1}"
EndProject
Project("{2150E333-8FDC-42A3-9474-1A3956D46DE8}") = "Shared", "Shared", "{6188B03B-AA5D-4CFE-B89F-B358A35DC305}"
EndProject
Project("{2150E333-8FDC-42A3-9474-1A3956D46DE8}") = "FTest", "FTest", "{1525DDD0-1A36-4541-8FC4-19E5084DAE4F}"
EndProject
Project("{F2A71F9B-5D33-465A-A702-920D77279786}") = "TestApp", "TestApp\TestApp.fsproj", "{0805D2CF-0921-4FAF-902B-CE291A7E6D6C}"
EndProject
Project("{FAE04EC0-301F-11D3-BF4B-00C04F79EFBC}") = "Tauron.Application.Wpf", "Tauron.Application.Wpf\Tauron.Application.Wpf.csproj", "{D3F8F796-F06D-4BF2-8FCC-3660273B4D85}"
EndProject
Global
	GlobalSection(SolutionConfigurationPlatforms) = preSolution
		Debug|Any CPU = Debug|Any CPU
		Release|Any CPU = Release|Any CPU
	EndGlobalSection
	GlobalSection(ProjectConfigurationPlatforms) = postSolution
		{90EECE15-7576-4125-82CE-0B6C29BD3C96}.Debug|Any CPU.ActiveCfg = Debug|Any CPU
		{90EECE15-7576-4125-82CE-0B6C29BD3C96}.Debug|Any CPU.Build.0 = Debug|Any CPU
		{90EECE15-7576-4125-82CE-0B6C29BD3C96}.Release|Any CPU.ActiveCfg = Release|Any CPU
		{90EECE15-7576-4125-82CE-0B6C29BD3C96}.Release|Any CPU.Build.0 = Release|Any CPU
		{07C87529-D0F6-43E8-A76A-6243F288DECC}.Debug|Any CPU.ActiveCfg = Debug|Any CPU
		{07C87529-D0F6-43E8-A76A-6243F288DECC}.Debug|Any CPU.Build.0 = Debug|Any CPU
		{07C87529-D0F6-43E8-A76A-6243F288DECC}.Release|Any CPU.ActiveCfg = Release|Any CPU
		{07C87529-D0F6-43E8-A76A-6243F288DECC}.Release|Any CPU.Build.0 = Release|Any CPU
		{D08E99E0-E410-4AC3-8170-8B5EEBB81AB1}.Debug|Any CPU.ActiveCfg = Debug|Any CPU
		{D08E99E0-E410-4AC3-8170-8B5EEBB81AB1}.Debug|Any CPU.Build.0 = Debug|Any CPU
		{D08E99E0-E410-4AC3-8170-8B5EEBB81AB1}.Release|Any CPU.ActiveCfg = Release|Any CPU
		{D08E99E0-E410-4AC3-8170-8B5EEBB81AB1}.Release|Any CPU.Build.0 = Release|Any CPU
		{6EECB5FF-FB55-4C10-8BD3-0026ACD90A10}.Debug|Any CPU.ActiveCfg = Debug|Any CPU
		{6EECB5FF-FB55-4C10-8BD3-0026ACD90A10}.Debug|Any CPU.Build.0 = Debug|Any CPU
		{6EECB5FF-FB55-4C10-8BD3-0026ACD90A10}.Release|Any CPU.ActiveCfg = Release|Any CPU
		{6EECB5FF-FB55-4C10-8BD3-0026ACD90A10}.Release|Any CPU.Build.0 = Release|Any CPU
		{45FD8011-7183-408D-874D-59242E31270C}.Debug|Any CPU.ActiveCfg = Debug|Any CPU
		{45FD8011-7183-408D-874D-59242E31270C}.Debug|Any CPU.Build.0 = Debug|Any CPU
		{45FD8011-7183-408D-874D-59242E31270C}.Release|Any CPU.ActiveCfg = Release|Any CPU
		{45FD8011-7183-408D-874D-59242E31270C}.Release|Any CPU.Build.0 = Release|Any CPU
		{09FEC4DC-CAE1-4C46-8004-444FEF09CCB0}.Debug|Any CPU.ActiveCfg = Debug|Any CPU
		{09FEC4DC-CAE1-4C46-8004-444FEF09CCB0}.Debug|Any CPU.Build.0 = Debug|Any CPU
		{09FEC4DC-CAE1-4C46-8004-444FEF09CCB0}.Release|Any CPU.ActiveCfg = Release|Any CPU
		{09FEC4DC-CAE1-4C46-8004-444FEF09CCB0}.Release|Any CPU.Build.0 = Release|Any CPU
		{8E67ADFB-AF15-4702-AE0D-9CCAF4457D39}.Debug|Any CPU.ActiveCfg = Debug|Any CPU
		{8E67ADFB-AF15-4702-AE0D-9CCAF4457D39}.Debug|Any CPU.Build.0 = Debug|Any CPU
		{8E67ADFB-AF15-4702-AE0D-9CCAF4457D39}.Release|Any CPU.ActiveCfg = Release|Any CPU
		{8E67ADFB-AF15-4702-AE0D-9CCAF4457D39}.Release|Any CPU.Build.0 = Release|Any CPU
		{173A2B3C-9079-4353-853D-2E7205B5AD6E}.Debug|Any CPU.ActiveCfg = Debug|Any CPU
		{173A2B3C-9079-4353-853D-2E7205B5AD6E}.Debug|Any CPU.Build.0 = Debug|Any CPU
		{173A2B3C-9079-4353-853D-2E7205B5AD6E}.Release|Any CPU.ActiveCfg = Release|Any CPU
		{173A2B3C-9079-4353-853D-2E7205B5AD6E}.Release|Any CPU.Build.0 = Release|Any CPU
		{E34BD1BD-AC3B-4B55-80F5-A1C9C1D2BEE6}.Debug|Any CPU.ActiveCfg = Debug|Any CPU
		{E34BD1BD-AC3B-4B55-80F5-A1C9C1D2BEE6}.Debug|Any CPU.Build.0 = Debug|Any CPU
		{E34BD1BD-AC3B-4B55-80F5-A1C9C1D2BEE6}.Release|Any CPU.ActiveCfg = Release|Any CPU
		{E34BD1BD-AC3B-4B55-80F5-A1C9C1D2BEE6}.Release|Any CPU.Build.0 = Release|Any CPU
		{5B5C3C8C-E40D-4E39-9515-5008BF29149A}.Debug|Any CPU.ActiveCfg = Debug|Any CPU
		{5B5C3C8C-E40D-4E39-9515-5008BF29149A}.Debug|Any CPU.Build.0 = Debug|Any CPU
		{5B5C3C8C-E40D-4E39-9515-5008BF29149A}.Release|Any CPU.ActiveCfg = Release|Any CPU
		{5B5C3C8C-E40D-4E39-9515-5008BF29149A}.Release|Any CPU.Build.0 = Release|Any CPU
		{BD61D8E1-355A-41BB-B134-2B741C25EECB}.Debug|Any CPU.ActiveCfg = Debug|Any CPU
		{BD61D8E1-355A-41BB-B134-2B741C25EECB}.Debug|Any CPU.Build.0 = Debug|Any CPU
		{BD61D8E1-355A-41BB-B134-2B741C25EECB}.Release|Any CPU.ActiveCfg = Release|Any CPU
		{BD61D8E1-355A-41BB-B134-2B741C25EECB}.Release|Any CPU.Build.0 = Release|Any CPU
		{5CBD2707-81CF-45B1-84AC-F96F7ECD52D7}.Debug|Any CPU.ActiveCfg = Debug|Any CPU
		{5CBD2707-81CF-45B1-84AC-F96F7ECD52D7}.Debug|Any CPU.Build.0 = Debug|Any CPU
		{5CBD2707-81CF-45B1-84AC-F96F7ECD52D7}.Release|Any CPU.ActiveCfg = Release|Any CPU
		{5CBD2707-81CF-45B1-84AC-F96F7ECD52D7}.Release|Any CPU.Build.0 = Release|Any CPU
		{242FB709-09C6-4E67-9FE6-A5D010F85FFD}.Debug|Any CPU.ActiveCfg = Debug|Any CPU
		{242FB709-09C6-4E67-9FE6-A5D010F85FFD}.Debug|Any CPU.Build.0 = Debug|Any CPU
		{242FB709-09C6-4E67-9FE6-A5D010F85FFD}.Release|Any CPU.ActiveCfg = Release|Any CPU
		{242FB709-09C6-4E67-9FE6-A5D010F85FFD}.Release|Any CPU.Build.0 = Release|Any CPU
		{FE7AD57E-0B19-4AA1-93BD-12C719A5E73B}.Debug|Any CPU.ActiveCfg = Debug|Any CPU
		{FE7AD57E-0B19-4AA1-93BD-12C719A5E73B}.Debug|Any CPU.Build.0 = Debug|Any CPU
		{FE7AD57E-0B19-4AA1-93BD-12C719A5E73B}.Release|Any CPU.ActiveCfg = Release|Any CPU
		{FE7AD57E-0B19-4AA1-93BD-12C719A5E73B}.Release|Any CPU.Build.0 = Release|Any CPU
		{55351A91-BA3F-487B-9715-CC402793BA73}.Debug|Any CPU.ActiveCfg = Debug|Any CPU
		{55351A91-BA3F-487B-9715-CC402793BA73}.Debug|Any CPU.Build.0 = Debug|Any CPU
		{55351A91-BA3F-487B-9715-CC402793BA73}.Release|Any CPU.ActiveCfg = Release|Any CPU
		{55351A91-BA3F-487B-9715-CC402793BA73}.Release|Any CPU.Build.0 = Release|Any CPU
		{6DB916C6-66AE-48EB-BA20-D984B1FC28F0}.Debug|Any CPU.ActiveCfg = Debug|Any CPU
		{6DB916C6-66AE-48EB-BA20-D984B1FC28F0}.Debug|Any CPU.Build.0 = Debug|Any CPU
		{6DB916C6-66AE-48EB-BA20-D984B1FC28F0}.Release|Any CPU.ActiveCfg = Release|Any CPU
		{6DB916C6-66AE-48EB-BA20-D984B1FC28F0}.Release|Any CPU.Build.0 = Release|Any CPU
		{4FDBA9D6-4D7A-41AF-8720-6F2F45170B47}.Debug|Any CPU.ActiveCfg = Debug|Any CPU
		{4FDBA9D6-4D7A-41AF-8720-6F2F45170B47}.Debug|Any CPU.Build.0 = Debug|Any CPU
		{4FDBA9D6-4D7A-41AF-8720-6F2F45170B47}.Release|Any CPU.ActiveCfg = Release|Any CPU
		{4FDBA9D6-4D7A-41AF-8720-6F2F45170B47}.Release|Any CPU.Build.0 = Release|Any CPU
		{D75AA171-14A5-4FC4-A53D-2BD7E7EA2EB1}.Debug|Any CPU.ActiveCfg = Debug|Any CPU
		{D75AA171-14A5-4FC4-A53D-2BD7E7EA2EB1}.Debug|Any CPU.Build.0 = Debug|Any CPU
		{D75AA171-14A5-4FC4-A53D-2BD7E7EA2EB1}.Release|Any CPU.ActiveCfg = Release|Any CPU
		{D75AA171-14A5-4FC4-A53D-2BD7E7EA2EB1}.Release|Any CPU.Build.0 = Release|Any CPU
		{0805D2CF-0921-4FAF-902B-CE291A7E6D6C}.Debug|Any CPU.ActiveCfg = Debug|Any CPU
		{0805D2CF-0921-4FAF-902B-CE291A7E6D6C}.Debug|Any CPU.Build.0 = Debug|Any CPU
		{0805D2CF-0921-4FAF-902B-CE291A7E6D6C}.Release|Any CPU.ActiveCfg = Release|Any CPU
		{0805D2CF-0921-4FAF-902B-CE291A7E6D6C}.Release|Any CPU.Build.0 = Release|Any CPU
		{D3F8F796-F06D-4BF2-8FCC-3660273B4D85}.Debug|Any CPU.ActiveCfg = Debug|Any CPU
		{D3F8F796-F06D-4BF2-8FCC-3660273B4D85}.Debug|Any CPU.Build.0 = Debug|Any CPU
		{D3F8F796-F06D-4BF2-8FCC-3660273B4D85}.Release|Any CPU.ActiveCfg = Release|Any CPU
		{D3F8F796-F06D-4BF2-8FCC-3660273B4D85}.Release|Any CPU.Build.0 = Release|Any CPU
	EndGlobalSection
	GlobalSection(SolutionProperties) = preSolution
		HideSolutionNode = FALSE
	EndGlobalSection
	GlobalSection(NestedProjects) = preSolution
		{2DEE2C8A-ABB1-4310-800C-FD13EF88A481} = {F5B1D267-145D-48AF-B4B5-7CC3826EB197}
		{EE858827-127B-4B37-B877-2022E3350862} = {2DEE2C8A-ABB1-4310-800C-FD13EF88A481}
		{90EECE15-7576-4125-82CE-0B6C29BD3C96} = {EE858827-127B-4B37-B877-2022E3350862}
		{52782757-EC7C-42FD-85C9-17566C9FAD7F} = {F5B1D267-145D-48AF-B4B5-7CC3826EB197}
		{7CE7EEA5-EAA5-4FE9-914B-799CB2E3E13A} = {52782757-EC7C-42FD-85C9-17566C9FAD7F}
		{07C87529-D0F6-43E8-A76A-6243F288DECC} = {7CE7EEA5-EAA5-4FE9-914B-799CB2E3E13A}
		{D08E99E0-E410-4AC3-8170-8B5EEBB81AB1} = {7CE7EEA5-EAA5-4FE9-914B-799CB2E3E13A}
		{6EECB5FF-FB55-4C10-8BD3-0026ACD90A10} = {EE858827-127B-4B37-B877-2022E3350862}
		{45FD8011-7183-408D-874D-59242E31270C} = {EE858827-127B-4B37-B877-2022E3350862}
		{09FEC4DC-CAE1-4C46-8004-444FEF09CCB0} = {EE858827-127B-4B37-B877-2022E3350862}
		{8E67ADFB-AF15-4702-AE0D-9CCAF4457D39} = {EE858827-127B-4B37-B877-2022E3350862}
		{93072FB8-10D4-470D-9274-42F43E4192C3} = {F5B1D267-145D-48AF-B4B5-7CC3826EB197}
		{F4AEF18A-9321-460B-BA7A-E1810FF3D7A2} = {93072FB8-10D4-470D-9274-42F43E4192C3}
		{E34BD1BD-AC3B-4B55-80F5-A1C9C1D2BEE6} = {F4AEF18A-9321-460B-BA7A-E1810FF3D7A2}
		{5B5C3C8C-E40D-4E39-9515-5008BF29149A} = {F4AEF18A-9321-460B-BA7A-E1810FF3D7A2}
		{BD61D8E1-355A-41BB-B134-2B741C25EECB} = {F4AEF18A-9321-460B-BA7A-E1810FF3D7A2}
		{C27393AE-5503-4433-BBE7-3D8A81A6EC9D} = {93072FB8-10D4-470D-9274-42F43E4192C3}
		{5CBD2707-81CF-45B1-84AC-F96F7ECD52D7} = {C27393AE-5503-4433-BBE7-3D8A81A6EC9D}
		{242FB709-09C6-4E67-9FE6-A5D010F85FFD} = {C27393AE-5503-4433-BBE7-3D8A81A6EC9D}
		{FE7AD57E-0B19-4AA1-93BD-12C719A5E73B} = {C27393AE-5503-4433-BBE7-3D8A81A6EC9D}
		{55351A91-BA3F-487B-9715-CC402793BA73} = {93072FB8-10D4-470D-9274-42F43E4192C3}
		{E8855451-9C4C-4EC8-91D7-98A4D3B1DD76} = {F5B1D267-145D-48AF-B4B5-7CC3826EB197}
		{6DB916C6-66AE-48EB-BA20-D984B1FC28F0} = {6188B03B-AA5D-4CFE-B89F-B358A35DC305}
		{4FDBA9D6-4D7A-41AF-8720-6F2F45170B47} = {6188B03B-AA5D-4CFE-B89F-B358A35DC305}
		{D75AA171-14A5-4FC4-A53D-2BD7E7EA2EB1} = {6188B03B-AA5D-4CFE-B89F-B358A35DC305}
		{0805D2CF-0921-4FAF-902B-CE291A7E6D6C} = {1525DDD0-1A36-4541-8FC4-19E5084DAE4F}
		{D3F8F796-F06D-4BF2-8FCC-3660273B4D85} = {6188B03B-AA5D-4CFE-B89F-B358A35DC305}
	EndGlobalSection
	GlobalSection(ExtensibilityGlobals) = postSolution
		SolutionGuid = {F63AD2ED-4320-43AB-8761-A3FEBC507539}
	EndGlobalSection
EndGlobal
