
Microsoft Visual Studio Solution File, Format Version 12.00
# Visual Studio Version 16
VisualStudioVersion = 16.0.30014.187
MinimumVisualStudioVersion = 10.0.40219.1
Project("{2150E333-8FDC-42A3-9474-1A3956D46DE8}") = "Test", "Test", "{17C5E321-22C5-42AB-BD68-43EAC2011DB8}"
EndProject
Project("{9A19103F-16F7-4668-BE54-9A1E7A4F7556}") = "AkkaTest", "AkkaTest\AkkaTest.csproj", "{62AA5AAF-9FF7-4E1F-B4F3-61688CFB9B04}"
EndProject
Project("{9A19103F-16F7-4668-BE54-9A1E7A4F7556}") = "Akka.Code.Configuration", "Akka.Code.Configuration\Akka.Code.Configuration.csproj", "{09A8E7C6-972C-4DF9-BE21-8EBB61C3E271}"
EndProject
Project("{2150E333-8FDC-42A3-9474-1A3956D46DE8}") = "Common", "Common", "{E035D131-5856-4360-82E3-3F131DDD2F1D}"
EndProject
Project("{2150E333-8FDC-42A3-9474-1A3956D46DE8}") = "Sheard", "Sheard", "{3A96B384-8937-49AD-80C4-7E7DD6CD5B4A}"
EndProject
Project("{2150E333-8FDC-42A3-9474-1A3956D46DE8}") = "Akka", "Akka", "{FA01BF3F-5D52-4936-95C0-AD8725896594}"
EndProject
Project("{9A19103F-16F7-4668-BE54-9A1E7A4F7556}") = "Tauron.Application.Akka.ServiceResolver", "Tauron.Application.Akka.ServiceResolver\Tauron.Application.Akka.ServiceResolver.csproj", "{7BE440A3-E51E-42E5-A812-BD54411AC9E6}"
EndProject
Project("{2150E333-8FDC-42A3-9474-1A3956D46DE8}") = "External", "External", "{5273DC22-6984-42F8-820D-EE59DD1487E3}"
EndProject
Project("{2150E333-8FDC-42A3-9474-1A3956D46DE8}") = "MgiHelper", "MgiHelper", "{618D7777-AB21-4A21-A886-7E467B2FF2EB}"
EndProject
Project("{9A19103F-16F7-4668-BE54-9A1E7A4F7556}") = "Akka.MGIHelper", "UITest\Akka.MGIHelper\Akka.MGIHelper.csproj", "{4C70AA37-20C5-4C83-8D1E-9040663C294F}"
EndProject
Project("{9A19103F-16F7-4668-BE54-9A1E7A4F7556}") = "Tauron.Application.Common", "Tauron.Application.Common\Tauron.Application.Common.csproj", "{D17966A5-EEA3-4FAC-B95F-384F8FB2BDA5}"
EndProject
Project("{9A19103F-16F7-4668-BE54-9A1E7A4F7556}") = "Tauron.Application.Wpf", "Tauron.Application.Wpf\Tauron.Application.Wpf.csproj", "{6A6DF913-99D4-48DF-AA90-C24520A723C7}"
EndProject
Project("{9A19103F-16F7-4668-BE54-9A1E7A4F7556}") = "Tauron.Application.Wpf.SerilogViewer", "Tauron.Application.Wpf.SerilogViewer\Tauron.Application.Wpf.SerilogViewer.csproj", "{AE5E4C8F-8D63-4757-9340-EC4941803EF8}"
EndProject
Project("{9A19103F-16F7-4668-BE54-9A1E7A4F7556}") = "Tauron.Application.Logging", "Tauron.Application.Logging\Tauron.Application.Logging.csproj", "{797F9C6D-3652-45D2-9DAB-CFCD06392467}"
EndProject
Project("{2150E333-8FDC-42A3-9474-1A3956D46DE8}") = "Apps", "Apps", "{F5B1D267-145D-48AF-B4B5-7CC3826EB197}"
EndProject
Project("{2150E333-8FDC-42A3-9474-1A3956D46DE8}") = "DevTools", "DevTools", "{FF793DD2-60AE-4BCB-9146-D164EE1D2829}"
EndProject
Project("{9A19103F-16F7-4668-BE54-9A1E7A4F7556}") = "Tauron.Application.Localizer", "Tauron.Application.Localizer\Tauron.Application.Localizer.csproj", "{08498998-CB01-4B1D-8181-DB7C25E12387}"
EndProject
Project("{9A19103F-16F7-4668-BE54-9A1E7A4F7556}") = "Tauron.Application.Localizer.DataModel", "Tauron.Application.Localizer.DataModel\Tauron.Application.Localizer.DataModel.csproj", "{A3C924E5-B909-46D9-9DBB-14D2E2F6A35C}"
EndProject
Project("{9A19103F-16F7-4668-BE54-9A1E7A4F7556}") = "Tauron.Application.Localizer.UIModels", "Tauron.Application.Localizer.UIModels\Tauron.Application.Localizer.UIModels.csproj", "{88B9570B-77AB-4B26-976C-A1BAF369D43E}"
EndProject
Project("{FAE04EC0-301F-11D3-BF4B-00C04F79EFBC}") = "LoadingIndicators.WPF", "LoadingIndicators.WPF\LoadingIndicators.WPF.csproj", "{C106FE59-63E2-4D72-B55B-7B14E6EF79FC}"
EndProject
Global
	GlobalSection(SolutionConfigurationPlatforms) = preSolution
		Debug|Any CPU = Debug|Any CPU
		Release|Any CPU = Release|Any CPU
	EndGlobalSection
	GlobalSection(ProjectConfigurationPlatforms) = postSolution
		{62AA5AAF-9FF7-4E1F-B4F3-61688CFB9B04}.Debug|Any CPU.ActiveCfg = Debug|Any CPU
		{62AA5AAF-9FF7-4E1F-B4F3-61688CFB9B04}.Debug|Any CPU.Build.0 = Debug|Any CPU
		{62AA5AAF-9FF7-4E1F-B4F3-61688CFB9B04}.Release|Any CPU.ActiveCfg = Release|Any CPU
		{62AA5AAF-9FF7-4E1F-B4F3-61688CFB9B04}.Release|Any CPU.Build.0 = Release|Any CPU
		{09A8E7C6-972C-4DF9-BE21-8EBB61C3E271}.Debug|Any CPU.ActiveCfg = Debug|Any CPU
		{09A8E7C6-972C-4DF9-BE21-8EBB61C3E271}.Debug|Any CPU.Build.0 = Debug|Any CPU
		{09A8E7C6-972C-4DF9-BE21-8EBB61C3E271}.Release|Any CPU.ActiveCfg = Release|Any CPU
		{09A8E7C6-972C-4DF9-BE21-8EBB61C3E271}.Release|Any CPU.Build.0 = Release|Any CPU
		{7BE440A3-E51E-42E5-A812-BD54411AC9E6}.Debug|Any CPU.ActiveCfg = Debug|Any CPU
		{7BE440A3-E51E-42E5-A812-BD54411AC9E6}.Debug|Any CPU.Build.0 = Debug|Any CPU
		{7BE440A3-E51E-42E5-A812-BD54411AC9E6}.Release|Any CPU.ActiveCfg = Release|Any CPU
		{7BE440A3-E51E-42E5-A812-BD54411AC9E6}.Release|Any CPU.Build.0 = Release|Any CPU
		{4C70AA37-20C5-4C83-8D1E-9040663C294F}.Debug|Any CPU.ActiveCfg = Debug|Any CPU
		{4C70AA37-20C5-4C83-8D1E-9040663C294F}.Debug|Any CPU.Build.0 = Debug|Any CPU
		{4C70AA37-20C5-4C83-8D1E-9040663C294F}.Release|Any CPU.ActiveCfg = Release|Any CPU
		{4C70AA37-20C5-4C83-8D1E-9040663C294F}.Release|Any CPU.Build.0 = Release|Any CPU
		{D17966A5-EEA3-4FAC-B95F-384F8FB2BDA5}.Debug|Any CPU.ActiveCfg = Debug|Any CPU
		{D17966A5-EEA3-4FAC-B95F-384F8FB2BDA5}.Debug|Any CPU.Build.0 = Debug|Any CPU
		{D17966A5-EEA3-4FAC-B95F-384F8FB2BDA5}.Release|Any CPU.ActiveCfg = Release|Any CPU
		{D17966A5-EEA3-4FAC-B95F-384F8FB2BDA5}.Release|Any CPU.Build.0 = Release|Any CPU
		{6A6DF913-99D4-48DF-AA90-C24520A723C7}.Debug|Any CPU.ActiveCfg = Debug|Any CPU
		{6A6DF913-99D4-48DF-AA90-C24520A723C7}.Debug|Any CPU.Build.0 = Debug|Any CPU
		{6A6DF913-99D4-48DF-AA90-C24520A723C7}.Release|Any CPU.ActiveCfg = Release|Any CPU
		{6A6DF913-99D4-48DF-AA90-C24520A723C7}.Release|Any CPU.Build.0 = Release|Any CPU
		{AE5E4C8F-8D63-4757-9340-EC4941803EF8}.Debug|Any CPU.ActiveCfg = Debug|Any CPU
		{AE5E4C8F-8D63-4757-9340-EC4941803EF8}.Debug|Any CPU.Build.0 = Debug|Any CPU
		{AE5E4C8F-8D63-4757-9340-EC4941803EF8}.Release|Any CPU.ActiveCfg = Release|Any CPU
		{AE5E4C8F-8D63-4757-9340-EC4941803EF8}.Release|Any CPU.Build.0 = Release|Any CPU
		{797F9C6D-3652-45D2-9DAB-CFCD06392467}.Debug|Any CPU.ActiveCfg = Debug|Any CPU
		{797F9C6D-3652-45D2-9DAB-CFCD06392467}.Debug|Any CPU.Build.0 = Debug|Any CPU
		{797F9C6D-3652-45D2-9DAB-CFCD06392467}.Release|Any CPU.ActiveCfg = Release|Any CPU
		{797F9C6D-3652-45D2-9DAB-CFCD06392467}.Release|Any CPU.Build.0 = Release|Any CPU
		{08498998-CB01-4B1D-8181-DB7C25E12387}.Debug|Any CPU.ActiveCfg = Debug|Any CPU
		{08498998-CB01-4B1D-8181-DB7C25E12387}.Debug|Any CPU.Build.0 = Debug|Any CPU
		{08498998-CB01-4B1D-8181-DB7C25E12387}.Release|Any CPU.ActiveCfg = Release|Any CPU
		{08498998-CB01-4B1D-8181-DB7C25E12387}.Release|Any CPU.Build.0 = Release|Any CPU
		{A3C924E5-B909-46D9-9DBB-14D2E2F6A35C}.Debug|Any CPU.ActiveCfg = Debug|Any CPU
		{A3C924E5-B909-46D9-9DBB-14D2E2F6A35C}.Debug|Any CPU.Build.0 = Debug|Any CPU
		{A3C924E5-B909-46D9-9DBB-14D2E2F6A35C}.Release|Any CPU.ActiveCfg = Release|Any CPU
		{A3C924E5-B909-46D9-9DBB-14D2E2F6A35C}.Release|Any CPU.Build.0 = Release|Any CPU
		{88B9570B-77AB-4B26-976C-A1BAF369D43E}.Debug|Any CPU.ActiveCfg = Debug|Any CPU
		{88B9570B-77AB-4B26-976C-A1BAF369D43E}.Debug|Any CPU.Build.0 = Debug|Any CPU
		{88B9570B-77AB-4B26-976C-A1BAF369D43E}.Release|Any CPU.ActiveCfg = Release|Any CPU
		{88B9570B-77AB-4B26-976C-A1BAF369D43E}.Release|Any CPU.Build.0 = Release|Any CPU
		{C106FE59-63E2-4D72-B55B-7B14E6EF79FC}.Debug|Any CPU.ActiveCfg = Debug|Any CPU
		{C106FE59-63E2-4D72-B55B-7B14E6EF79FC}.Debug|Any CPU.Build.0 = Debug|Any CPU
		{C106FE59-63E2-4D72-B55B-7B14E6EF79FC}.Release|Any CPU.ActiveCfg = Release|Any CPU
		{C106FE59-63E2-4D72-B55B-7B14E6EF79FC}.Release|Any CPU.Build.0 = Release|Any CPU
	EndGlobalSection
	GlobalSection(SolutionProperties) = preSolution
		HideSolutionNode = FALSE
	EndGlobalSection
	GlobalSection(NestedProjects) = preSolution
		{62AA5AAF-9FF7-4E1F-B4F3-61688CFB9B04} = {17C5E321-22C5-42AB-BD68-43EAC2011DB8}
		{09A8E7C6-972C-4DF9-BE21-8EBB61C3E271} = {FA01BF3F-5D52-4936-95C0-AD8725896594}
		{E035D131-5856-4360-82E3-3F131DDD2F1D} = {3A96B384-8937-49AD-80C4-7E7DD6CD5B4A}
		{FA01BF3F-5D52-4936-95C0-AD8725896594} = {3A96B384-8937-49AD-80C4-7E7DD6CD5B4A}
		{7BE440A3-E51E-42E5-A812-BD54411AC9E6} = {FA01BF3F-5D52-4936-95C0-AD8725896594}
		{5273DC22-6984-42F8-820D-EE59DD1487E3} = {3A96B384-8937-49AD-80C4-7E7DD6CD5B4A}
		{618D7777-AB21-4A21-A886-7E467B2FF2EB} = {17C5E321-22C5-42AB-BD68-43EAC2011DB8}
		{4C70AA37-20C5-4C83-8D1E-9040663C294F} = {618D7777-AB21-4A21-A886-7E467B2FF2EB}
		{D17966A5-EEA3-4FAC-B95F-384F8FB2BDA5} = {E035D131-5856-4360-82E3-3F131DDD2F1D}
		{6A6DF913-99D4-48DF-AA90-C24520A723C7} = {E035D131-5856-4360-82E3-3F131DDD2F1D}
		{AE5E4C8F-8D63-4757-9340-EC4941803EF8} = {E035D131-5856-4360-82E3-3F131DDD2F1D}
		{797F9C6D-3652-45D2-9DAB-CFCD06392467} = {E035D131-5856-4360-82E3-3F131DDD2F1D}
		{FF793DD2-60AE-4BCB-9146-D164EE1D2829} = {F5B1D267-145D-48AF-B4B5-7CC3826EB197}
		{08498998-CB01-4B1D-8181-DB7C25E12387} = {FF793DD2-60AE-4BCB-9146-D164EE1D2829}
		{A3C924E5-B909-46D9-9DBB-14D2E2F6A35C} = {FF793DD2-60AE-4BCB-9146-D164EE1D2829}
		{88B9570B-77AB-4B26-976C-A1BAF369D43E} = {FF793DD2-60AE-4BCB-9146-D164EE1D2829}
		{C106FE59-63E2-4D72-B55B-7B14E6EF79FC} = {5273DC22-6984-42F8-820D-EE59DD1487E3}
	EndGlobalSection
	GlobalSection(ExtensibilityGlobals) = postSolution
		SolutionGuid = {F63AD2ED-4320-43AB-8761-A3FEBC507539}
	EndGlobalSection
EndGlobal
