
Microsoft Visual Studio Solution File, Format Version 12.00
# Visual Studio Version 16
VisualStudioVersion = 16.0.30014.187
MinimumVisualStudioVersion = 10.0.40219.1
Project("{9A19103F-16F7-4668-BE54-9A1E7A4F7556}") = "Akka.Code.Configuration", "Akka.Code.Configuration\Akka.Code.Configuration.csproj", "{09A8E7C6-972C-4DF9-BE21-8EBB61C3E271}"
EndProject
Project("{2150E333-8FDC-42A3-9474-1A3956D46DE8}") = "Common", "Common", "{E035D131-5856-4360-82E3-3F131DDD2F1D}"
EndProject
Project("{2150E333-8FDC-42A3-9474-1A3956D46DE8}") = "Sheard", "Sheard", "{3A96B384-8937-49AD-80C4-7E7DD6CD5B4A}"
EndProject
Project("{2150E333-8FDC-42A3-9474-1A3956D46DE8}") = "Akka", "Akka", "{FA01BF3F-5D52-4936-95C0-AD8725896594}"
EndProject
Project("{2150E333-8FDC-42A3-9474-1A3956D46DE8}") = "External", "External", "{5273DC22-6984-42F8-820D-EE59DD1487E3}"
EndProject
Project("{9A19103F-16F7-4668-BE54-9A1E7A4F7556}") = "Tauron.Application.Common", "Tauron.Application.Common\Tauron.Application.Common.csproj", "{D17966A5-EEA3-4FAC-B95F-384F8FB2BDA5}"
EndProject
Project("{9A19103F-16F7-4668-BE54-9A1E7A4F7556}") = "Tauron.Application.Wpf", "Tauron.Application.Wpf\Tauron.Application.Wpf.csproj", "{6A6DF913-99D4-48DF-AA90-C24520A723C7}"
EndProject
Project("{9A19103F-16F7-4668-BE54-9A1E7A4F7556}") = "Tauron.Application.Wpf.SerilogViewer", "Tauron.Application.Wpf.SerilogViewer\Tauron.Application.Wpf.SerilogViewer.csproj", "{AE5E4C8F-8D63-4757-9340-EC4941803EF8}"
EndProject
Project("{9A19103F-16F7-4668-BE54-9A1E7A4F7556}") = "Tauron.Application.Logging", "Tauron.Application.Logging\Tauron.Application.Logging.csproj", "{797F9C6D-3652-45D2-9DAB-CFCD06392467}"
EndProject
Project("{2150E333-8FDC-42A3-9474-1A3956D46DE8}") = "Apps", "Apps", "{F5B1D267-145D-48AF-B4B5-7CC3826EB197}"
EndProject
Project("{2150E333-8FDC-42A3-9474-1A3956D46DE8}") = "DevTools", "DevTools", "{FF793DD2-60AE-4BCB-9146-D164EE1D2829}"
EndProject
Project("{9A19103F-16F7-4668-BE54-9A1E7A4F7556}") = "Tauron.Application.Localizer", "Tauron.Application.Localizer\Tauron.Application.Localizer.csproj", "{08498998-CB01-4B1D-8181-DB7C25E12387}"
EndProject
Project("{9A19103F-16F7-4668-BE54-9A1E7A4F7556}") = "Tauron.Application.Localizer.DataModel", "Tauron.Application.Localizer.DataModel\Tauron.Application.Localizer.DataModel.csproj", "{A3C924E5-B909-46D9-9DBB-14D2E2F6A35C}"
EndProject
Project("{9A19103F-16F7-4668-BE54-9A1E7A4F7556}") = "Tauron.Application.Localizer.UIModels", "Tauron.Application.Localizer.UIModels\Tauron.Application.Localizer.UIModels.csproj", "{88B9570B-77AB-4B26-976C-A1BAF369D43E}"
EndProject
Project("{9A19103F-16F7-4668-BE54-9A1E7A4F7556}") = "LoadingIndicators.WPF", "External\LoadingIndicators.WPF\LoadingIndicators.WPF.csproj", "{43E41CDC-48C7-498D-9CA5-57DC85AAE4E2}"
EndProject
Project("{2150E333-8FDC-42A3-9474-1A3956D46DE8}") = "Shared", "Shared", "{31E55A85-34FD-4D8E-8026-D5BF59BC2040}"
EndProject
Project("{9A19103F-16F7-4668-BE54-9A1E7A4F7556}") = "Tauron.Application.Workshop", "Tauron.Application.Workshop\Tauron.Application.Workshop.csproj", "{4A0DEA60-4C9C-45D5-925F-1941E24FE9B6}"
EndProject
Project("{9A19103F-16F7-4668-BE54-9A1E7A4F7556}") = "Tauron.Application.Settings", "Tauron.Application.Settings\Tauron.Application.Settings.csproj", "{B4F50359-9A3D-44D9-A5F2-54A227BBC7FC}"
EndProject
Project("{2150E333-8FDC-42A3-9474-1A3956D46DE8}") = "Backend", "Backend", "{8F80A299-DC2B-4629-9E0F-81C0E2C69436}"
EndProject
Project("{2150E333-8FDC-42A3-9474-1A3956D46DE8}") = "SeedNode", "SeedNode", "{CCCA32B3-6A67-4384-884D-9D88F349D5D8}"
EndProject
Project("{9A19103F-16F7-4668-BE54-9A1E7A4F7556}") = "Master.Seed.Node", "Master.Seed.Node\Master.Seed.Node.csproj", "{48DE3F27-0246-4F67-9405-9D357D8700EE}"
EndProject
Project("{9A19103F-16F7-4668-BE54-9A1E7A4F7556}") = "Tauron.Application.ServiceResolver", "Tauron.Application.ServiceResolver\Tauron.Application.ServiceResolver.csproj", "{CB9BAF50-B3EC-4011-A153-A53CDDF7E1FE}"
EndProject
Project("{9A19103F-16F7-4668-BE54-9A1E7A4F7556}") = "Tauron.Application.Master.Commands", "Tauron.Application.Master.Commands\Tauron.Application.Master.Commands.csproj", "{D5968002-028F-4009-96AD-A1E881210074}"
EndProject
Project("{9A19103F-16F7-4668-BE54-9A1E7A4F7556}") = "Akka.Cluster.Utility", "External\Akka.Cluster.Utility\Akka.Cluster.Utility.csproj", "{0D9CA290-5BA1-41EA-A68D-CC47BCECC35D}"
EndProject
Project("{2150E333-8FDC-42A3-9474-1A3956D46DE8}") = "Old", "Old", "{4C258B43-C76E-4955-93FF-A1845D2F8A5E}"
EndProject
Project("{9A19103F-16F7-4668-BE54-9A1E7A4F7556}") = "Tauron.Application.SoftwareRepo", "Tauron.Application.SoftwareRepo\Tauron.Application.SoftwareRepo.csproj", "{2BC847ED-4DDE-460C-A30A-3AF5AAF8C294}"
EndProject
Project("{9A19103F-16F7-4668-BE54-9A1E7A4F7556}") = "Tauron.Application.Files", "Tauron.Application.Files\Tauron.Application.Files.csproj", "{6FC136C7-535B-4DF7-82E8-48D07072E3ED}"
EndProject
Project("{9A19103F-16F7-4668-BE54-9A1E7A4F7556}") = "Tauron.Application.AkkaNode.Boottrap", "Tauron.Application.AkkaNode.Boottrap\Tauron.Application.AkkaNode.Boottrap.csproj", "{B84C76E2-0C8D-4228-86B0-59733098CDF4}"
EndProject
Project("{2150E333-8FDC-42A3-9474-1A3956D46DE8}") = "Fontend", "Fontend", "{2DEE2C8A-ABB1-4310-800C-FD13EF88A481}"
EndProject
Project("{2150E333-8FDC-42A3-9474-1A3956D46DE8}") = "ServiceManager", "ServiceManager", "{EE858827-127B-4B37-B877-2022E3350862}"
EndProject
Project("{9A19103F-16F7-4668-BE54-9A1E7A4F7556}") = "Tauron.Application.ServiceManager", "Tauron.Application.ServiceManager\Tauron.Application.ServiceManager.csproj", "{90EECE15-7576-4125-82CE-0B6C29BD3C96}"
EndProject
Project("{2150E333-8FDC-42A3-9474-1A3956D46DE8}") = "Localizer", "Localizer", "{C5739CE0-A5B6-44A0-81E6-4B406C78B921}"
EndProject
Project("{2150E333-8FDC-42A3-9474-1A3956D46DE8}") = "LogViewer", "LogViewer", "{B1A1FB70-EA24-4E3E-B1CD-17EC0ABFBDDB}"
EndProject
Project("{9A19103F-16F7-4668-BE54-9A1E7A4F7556}") = "SeriLogViewer", "SeriLogViewer\SeriLogViewer.csproj", "{4475DBCF-27E4-4887-9A1B-3ECC5F76572A}"
EndProject
Project("{9A19103F-16F7-4668-BE54-9A1E7A4F7556}") = "BeaconLib", "External\BeaconLib\BeaconLib.csproj", "{CA85D3EF-893A-4DB9-B143-C73FB44531CA}"
EndProject
Project("{2150E333-8FDC-42A3-9474-1A3956D46DE8}") = "Host", "Host", "{DFD15AE6-48F7-4CFB-99E5-B60CAD662805}"
EndProject
Project("{9A19103F-16F7-4668-BE54-9A1E7A4F7556}") = "ServiceHost", "ServiceHost\ServiceHost.csproj", "{682DE133-C25C-4373-ACE4-F4AAD3B6BCB3}"
EndProject
Project("{2150E333-8FDC-42A3-9474-1A3956D46DE8}") = "UpdateServer", "UpdateServer", "{EE8DE8C1-44CB-4772-948C-98167B5C7686}"
EndProject
Project("{9A19103F-16F7-4668-BE54-9A1E7A4F7556}") = "AutoUpdateRunner", "AutoUpdateRunner\AutoUpdateRunner.csproj", "{8F03C9CC-18B6-4700-A4EE-26BC3333B751}"
EndProject
Project("{9A19103F-16F7-4668-BE54-9A1E7A4F7556}") = "DeploymentServer", "DeploymentServer\DeploymentServer.csproj", "{8CCD899B-82B6-47CD-BE11-B08DA5D8F0C1}"
EndProject
Project("{9A19103F-16F7-4668-BE54-9A1E7A4F7556}") = "Tauron.Application.AkkNode.Services", "Tauron.Application.AkkNode.Services\Tauron.Application.AkkNode.Services.csproj", "{C20F9C9D-8D96-4801-B7A7-2916A71D6EA1}"
EndProject
Project("{2150E333-8FDC-42A3-9474-1A3956D46DE8}") = "External", "External", "{4EF74CCF-9CAB-4C68-AE2E-D07C6112182D}"
EndProject
Project("{9A19103F-16F7-4668-BE54-9A1E7A4F7556}") = "Akkatecture", "External\Akkatecture\Akkatecture.csproj", "{10B24AB1-F96E-4FF4-8E37-6995801AE036}"
EndProject
Project("{9A19103F-16F7-4668-BE54-9A1E7A4F7556}") = "Akkatecture.Cluster", "External\Akkatecture.Cluster\Akkatecture.Cluster.csproj", "{DE683D33-3497-414D-95A1-2AC6C54BFF77}"
EndProject
Project("{2150E333-8FDC-42A3-9474-1A3956D46DE8}") = "Test", "Test", "{52782757-EC7C-42FD-85C9-17566C9FAD7F}"
EndProject
Project("{2150E333-8FDC-42A3-9474-1A3956D46DE8}") = "TestService", "TestService", "{7CE7EEA5-EAA5-4FE9-914B-799CB2E3E13A}"
EndProject
Project("{9A19103F-16F7-4668-BE54-9A1E7A4F7556}") = "ExpressionEvaluatorTestService", "ExpressionEvaluatorTestService\ExpressionEvaluatorTestService.csproj", "{07C87529-D0F6-43E8-A76A-6243F288DECC}"
EndProject
Project("{9A19103F-16F7-4668-BE54-9A1E7A4F7556}") = "ExpressionEvaluatorTestService.Api", "ExpressionEvaluatorTestService.Api\ExpressionEvaluatorTestService.Api.csproj", "{D08E99E0-E410-4AC3-8170-8B5EEBB81AB1}"
EndProject
Project("{2150E333-8FDC-42A3-9474-1A3956D46DE8}") = "Setup", "Setup", "{FD0317B1-5DDC-4191-9EE2-8BEDDCA547E8}"
EndProject
Project("{9A19103F-16F7-4668-BE54-9A1E7A4F7556}") = "SimpleHostSetup", "SimpleHostSetup\SimpleHostSetup.csproj", "{46549F11-2ABF-4955-9F3A-866A3123D5F3}"
EndProject
Project("{FAE04EC0-301F-11D3-BF4B-00C04F79EFBC}") = "ServiceManagerIpProbe", "ServiceManagerIpProbe\ServiceManagerIpProbe.csproj", "{6EECB5FF-FB55-4C10-8BD3-0026ACD90A10}"
EndProject
Project("{9A19103F-16F7-4668-BE54-9A1E7A4F7556}") = "Servicemnager.Networking", "Servicemnager.Networking\Servicemnager.Networking.csproj", "{45FD8011-7183-408D-874D-59242E31270C}"
EndProject
Project("{9A19103F-16F7-4668-BE54-9A1E7A4F7556}") = "ServiceManager.ProjectRepository", "ServiceManager.ProjectRepository\ServiceManager.ProjectRepository.csproj", "{09FEC4DC-CAE1-4C46-8004-444FEF09CCB0}"
EndProject
Project("{9A19103F-16F7-4668-BE54-9A1E7A4F7556}") = "Tauron.Akkatecture.Projections", "Tauron.Akkatecture.Projections\Tauron.Akkatecture.Projections.csproj", "{91E31F1D-16DB-4357-B740-9DD731C18506}"
EndProject
Project("{9A19103F-16F7-4668-BE54-9A1E7A4F7556}") = "RepositoryServer", "RepositoryServer\RepositoryServer.csproj", "{9697D269-21A1-4300-9A89-C16F0EF2BE6C}"
EndProject
Project("{9A19103F-16F7-4668-BE54-9A1E7A4F7556}") = "ServiceManager.ProjectDeploment", "ServiceManager.ProjectDeploment\ServiceManager.ProjectDeploment.csproj", "{8E67ADFB-AF15-4702-AE0D-9CCAF4457D39}"
EndProject
Global
	GlobalSection(SolutionConfigurationPlatforms) = preSolution
		Debug|Any CPU = Debug|Any CPU
		Release|Any CPU = Release|Any CPU
	EndGlobalSection
	GlobalSection(ProjectConfigurationPlatforms) = postSolution
		{09A8E7C6-972C-4DF9-BE21-8EBB61C3E271}.Debug|Any CPU.ActiveCfg = Debug|Any CPU
		{09A8E7C6-972C-4DF9-BE21-8EBB61C3E271}.Debug|Any CPU.Build.0 = Debug|Any CPU
		{09A8E7C6-972C-4DF9-BE21-8EBB61C3E271}.Release|Any CPU.ActiveCfg = Release|Any CPU
		{09A8E7C6-972C-4DF9-BE21-8EBB61C3E271}.Release|Any CPU.Build.0 = Release|Any CPU
		{D17966A5-EEA3-4FAC-B95F-384F8FB2BDA5}.Debug|Any CPU.ActiveCfg = Debug|Any CPU
		{D17966A5-EEA3-4FAC-B95F-384F8FB2BDA5}.Debug|Any CPU.Build.0 = Debug|Any CPU
		{D17966A5-EEA3-4FAC-B95F-384F8FB2BDA5}.Release|Any CPU.ActiveCfg = Release|Any CPU
		{D17966A5-EEA3-4FAC-B95F-384F8FB2BDA5}.Release|Any CPU.Build.0 = Release|Any CPU
		{6A6DF913-99D4-48DF-AA90-C24520A723C7}.Debug|Any CPU.ActiveCfg = Debug|Any CPU
		{6A6DF913-99D4-48DF-AA90-C24520A723C7}.Debug|Any CPU.Build.0 = Debug|Any CPU
		{6A6DF913-99D4-48DF-AA90-C24520A723C7}.Release|Any CPU.ActiveCfg = Release|Any CPU
		{6A6DF913-99D4-48DF-AA90-C24520A723C7}.Release|Any CPU.Build.0 = Release|Any CPU
		{AE5E4C8F-8D63-4757-9340-EC4941803EF8}.Debug|Any CPU.ActiveCfg = Debug|Any CPU
		{AE5E4C8F-8D63-4757-9340-EC4941803EF8}.Debug|Any CPU.Build.0 = Debug|Any CPU
		{AE5E4C8F-8D63-4757-9340-EC4941803EF8}.Release|Any CPU.ActiveCfg = Release|Any CPU
		{AE5E4C8F-8D63-4757-9340-EC4941803EF8}.Release|Any CPU.Build.0 = Release|Any CPU
		{797F9C6D-3652-45D2-9DAB-CFCD06392467}.Debug|Any CPU.ActiveCfg = Debug|Any CPU
		{797F9C6D-3652-45D2-9DAB-CFCD06392467}.Debug|Any CPU.Build.0 = Debug|Any CPU
		{797F9C6D-3652-45D2-9DAB-CFCD06392467}.Release|Any CPU.ActiveCfg = Release|Any CPU
		{797F9C6D-3652-45D2-9DAB-CFCD06392467}.Release|Any CPU.Build.0 = Release|Any CPU
		{08498998-CB01-4B1D-8181-DB7C25E12387}.Debug|Any CPU.ActiveCfg = Debug|Any CPU
		{08498998-CB01-4B1D-8181-DB7C25E12387}.Debug|Any CPU.Build.0 = Debug|Any CPU
		{08498998-CB01-4B1D-8181-DB7C25E12387}.Release|Any CPU.ActiveCfg = Release|Any CPU
		{08498998-CB01-4B1D-8181-DB7C25E12387}.Release|Any CPU.Build.0 = Release|Any CPU
		{A3C924E5-B909-46D9-9DBB-14D2E2F6A35C}.Debug|Any CPU.ActiveCfg = Debug|Any CPU
		{A3C924E5-B909-46D9-9DBB-14D2E2F6A35C}.Debug|Any CPU.Build.0 = Debug|Any CPU
		{A3C924E5-B909-46D9-9DBB-14D2E2F6A35C}.Release|Any CPU.ActiveCfg = Release|Any CPU
		{A3C924E5-B909-46D9-9DBB-14D2E2F6A35C}.Release|Any CPU.Build.0 = Release|Any CPU
		{88B9570B-77AB-4B26-976C-A1BAF369D43E}.Debug|Any CPU.ActiveCfg = Debug|Any CPU
		{88B9570B-77AB-4B26-976C-A1BAF369D43E}.Debug|Any CPU.Build.0 = Debug|Any CPU
		{88B9570B-77AB-4B26-976C-A1BAF369D43E}.Release|Any CPU.ActiveCfg = Release|Any CPU
		{88B9570B-77AB-4B26-976C-A1BAF369D43E}.Release|Any CPU.Build.0 = Release|Any CPU
		{43E41CDC-48C7-498D-9CA5-57DC85AAE4E2}.Debug|Any CPU.ActiveCfg = Debug|Any CPU
		{43E41CDC-48C7-498D-9CA5-57DC85AAE4E2}.Debug|Any CPU.Build.0 = Debug|Any CPU
		{43E41CDC-48C7-498D-9CA5-57DC85AAE4E2}.Release|Any CPU.ActiveCfg = Release|Any CPU
		{43E41CDC-48C7-498D-9CA5-57DC85AAE4E2}.Release|Any CPU.Build.0 = Release|Any CPU
		{4A0DEA60-4C9C-45D5-925F-1941E24FE9B6}.Debug|Any CPU.ActiveCfg = Debug|Any CPU
		{4A0DEA60-4C9C-45D5-925F-1941E24FE9B6}.Debug|Any CPU.Build.0 = Debug|Any CPU
		{4A0DEA60-4C9C-45D5-925F-1941E24FE9B6}.Release|Any CPU.ActiveCfg = Release|Any CPU
		{4A0DEA60-4C9C-45D5-925F-1941E24FE9B6}.Release|Any CPU.Build.0 = Release|Any CPU
		{B4F50359-9A3D-44D9-A5F2-54A227BBC7FC}.Debug|Any CPU.ActiveCfg = Debug|Any CPU
		{B4F50359-9A3D-44D9-A5F2-54A227BBC7FC}.Debug|Any CPU.Build.0 = Debug|Any CPU
		{B4F50359-9A3D-44D9-A5F2-54A227BBC7FC}.Release|Any CPU.ActiveCfg = Release|Any CPU
		{B4F50359-9A3D-44D9-A5F2-54A227BBC7FC}.Release|Any CPU.Build.0 = Release|Any CPU
		{48DE3F27-0246-4F67-9405-9D357D8700EE}.Debug|Any CPU.ActiveCfg = Debug|Any CPU
		{48DE3F27-0246-4F67-9405-9D357D8700EE}.Debug|Any CPU.Build.0 = Debug|Any CPU
		{48DE3F27-0246-4F67-9405-9D357D8700EE}.Release|Any CPU.ActiveCfg = Release|Any CPU
		{48DE3F27-0246-4F67-9405-9D357D8700EE}.Release|Any CPU.Build.0 = Release|Any CPU
		{CB9BAF50-B3EC-4011-A153-A53CDDF7E1FE}.Debug|Any CPU.ActiveCfg = Debug|Any CPU
		{CB9BAF50-B3EC-4011-A153-A53CDDF7E1FE}.Debug|Any CPU.Build.0 = Debug|Any CPU
		{CB9BAF50-B3EC-4011-A153-A53CDDF7E1FE}.Release|Any CPU.ActiveCfg = Release|Any CPU
		{CB9BAF50-B3EC-4011-A153-A53CDDF7E1FE}.Release|Any CPU.Build.0 = Release|Any CPU
		{D5968002-028F-4009-96AD-A1E881210074}.Debug|Any CPU.ActiveCfg = Debug|Any CPU
		{D5968002-028F-4009-96AD-A1E881210074}.Debug|Any CPU.Build.0 = Debug|Any CPU
		{D5968002-028F-4009-96AD-A1E881210074}.Release|Any CPU.ActiveCfg = Release|Any CPU
		{D5968002-028F-4009-96AD-A1E881210074}.Release|Any CPU.Build.0 = Release|Any CPU
		{0D9CA290-5BA1-41EA-A68D-CC47BCECC35D}.Debug|Any CPU.ActiveCfg = Debug|Any CPU
		{0D9CA290-5BA1-41EA-A68D-CC47BCECC35D}.Debug|Any CPU.Build.0 = Debug|Any CPU
		{0D9CA290-5BA1-41EA-A68D-CC47BCECC35D}.Release|Any CPU.ActiveCfg = Release|Any CPU
		{0D9CA290-5BA1-41EA-A68D-CC47BCECC35D}.Release|Any CPU.Build.0 = Release|Any CPU
		{2BC847ED-4DDE-460C-A30A-3AF5AAF8C294}.Debug|Any CPU.ActiveCfg = Debug|Any CPU
		{2BC847ED-4DDE-460C-A30A-3AF5AAF8C294}.Debug|Any CPU.Build.0 = Debug|Any CPU
		{2BC847ED-4DDE-460C-A30A-3AF5AAF8C294}.Release|Any CPU.ActiveCfg = Release|Any CPU
		{2BC847ED-4DDE-460C-A30A-3AF5AAF8C294}.Release|Any CPU.Build.0 = Release|Any CPU
		{6FC136C7-535B-4DF7-82E8-48D07072E3ED}.Debug|Any CPU.ActiveCfg = Debug|Any CPU
		{6FC136C7-535B-4DF7-82E8-48D07072E3ED}.Debug|Any CPU.Build.0 = Debug|Any CPU
		{6FC136C7-535B-4DF7-82E8-48D07072E3ED}.Release|Any CPU.ActiveCfg = Release|Any CPU
		{6FC136C7-535B-4DF7-82E8-48D07072E3ED}.Release|Any CPU.Build.0 = Release|Any CPU
		{B84C76E2-0C8D-4228-86B0-59733098CDF4}.Debug|Any CPU.ActiveCfg = Debug|Any CPU
		{B84C76E2-0C8D-4228-86B0-59733098CDF4}.Debug|Any CPU.Build.0 = Debug|Any CPU
		{B84C76E2-0C8D-4228-86B0-59733098CDF4}.Release|Any CPU.ActiveCfg = Release|Any CPU
		{B84C76E2-0C8D-4228-86B0-59733098CDF4}.Release|Any CPU.Build.0 = Release|Any CPU
		{90EECE15-7576-4125-82CE-0B6C29BD3C96}.Debug|Any CPU.ActiveCfg = Debug|Any CPU
		{90EECE15-7576-4125-82CE-0B6C29BD3C96}.Debug|Any CPU.Build.0 = Debug|Any CPU
		{90EECE15-7576-4125-82CE-0B6C29BD3C96}.Release|Any CPU.ActiveCfg = Release|Any CPU
		{90EECE15-7576-4125-82CE-0B6C29BD3C96}.Release|Any CPU.Build.0 = Release|Any CPU
		{4475DBCF-27E4-4887-9A1B-3ECC5F76572A}.Debug|Any CPU.ActiveCfg = Debug|Any CPU
		{4475DBCF-27E4-4887-9A1B-3ECC5F76572A}.Debug|Any CPU.Build.0 = Debug|Any CPU
		{4475DBCF-27E4-4887-9A1B-3ECC5F76572A}.Release|Any CPU.ActiveCfg = Release|Any CPU
		{4475DBCF-27E4-4887-9A1B-3ECC5F76572A}.Release|Any CPU.Build.0 = Release|Any CPU
		{CA85D3EF-893A-4DB9-B143-C73FB44531CA}.Debug|Any CPU.ActiveCfg = Debug|Any CPU
		{CA85D3EF-893A-4DB9-B143-C73FB44531CA}.Debug|Any CPU.Build.0 = Debug|Any CPU
		{CA85D3EF-893A-4DB9-B143-C73FB44531CA}.Release|Any CPU.ActiveCfg = Release|Any CPU
		{CA85D3EF-893A-4DB9-B143-C73FB44531CA}.Release|Any CPU.Build.0 = Release|Any CPU
		{682DE133-C25C-4373-ACE4-F4AAD3B6BCB3}.Debug|Any CPU.ActiveCfg = Debug|Any CPU
		{682DE133-C25C-4373-ACE4-F4AAD3B6BCB3}.Debug|Any CPU.Build.0 = Debug|Any CPU
		{682DE133-C25C-4373-ACE4-F4AAD3B6BCB3}.Release|Any CPU.ActiveCfg = Release|Any CPU
		{682DE133-C25C-4373-ACE4-F4AAD3B6BCB3}.Release|Any CPU.Build.0 = Release|Any CPU
		{8F03C9CC-18B6-4700-A4EE-26BC3333B751}.Debug|Any CPU.ActiveCfg = Debug|Any CPU
		{8F03C9CC-18B6-4700-A4EE-26BC3333B751}.Debug|Any CPU.Build.0 = Debug|Any CPU
		{8F03C9CC-18B6-4700-A4EE-26BC3333B751}.Release|Any CPU.ActiveCfg = Release|Any CPU
		{8F03C9CC-18B6-4700-A4EE-26BC3333B751}.Release|Any CPU.Build.0 = Release|Any CPU
		{8CCD899B-82B6-47CD-BE11-B08DA5D8F0C1}.Debug|Any CPU.ActiveCfg = Debug|Any CPU
		{8CCD899B-82B6-47CD-BE11-B08DA5D8F0C1}.Debug|Any CPU.Build.0 = Debug|Any CPU
		{8CCD899B-82B6-47CD-BE11-B08DA5D8F0C1}.Release|Any CPU.ActiveCfg = Release|Any CPU
		{8CCD899B-82B6-47CD-BE11-B08DA5D8F0C1}.Release|Any CPU.Build.0 = Release|Any CPU
		{C20F9C9D-8D96-4801-B7A7-2916A71D6EA1}.Debug|Any CPU.ActiveCfg = Debug|Any CPU
		{C20F9C9D-8D96-4801-B7A7-2916A71D6EA1}.Debug|Any CPU.Build.0 = Debug|Any CPU
		{C20F9C9D-8D96-4801-B7A7-2916A71D6EA1}.Release|Any CPU.ActiveCfg = Release|Any CPU
		{C20F9C9D-8D96-4801-B7A7-2916A71D6EA1}.Release|Any CPU.Build.0 = Release|Any CPU
		{10B24AB1-F96E-4FF4-8E37-6995801AE036}.Debug|Any CPU.ActiveCfg = Debug|Any CPU
		{10B24AB1-F96E-4FF4-8E37-6995801AE036}.Debug|Any CPU.Build.0 = Debug|Any CPU
		{10B24AB1-F96E-4FF4-8E37-6995801AE036}.Release|Any CPU.ActiveCfg = Release|Any CPU
		{10B24AB1-F96E-4FF4-8E37-6995801AE036}.Release|Any CPU.Build.0 = Release|Any CPU
		{DE683D33-3497-414D-95A1-2AC6C54BFF77}.Debug|Any CPU.ActiveCfg = Debug|Any CPU
		{DE683D33-3497-414D-95A1-2AC6C54BFF77}.Debug|Any CPU.Build.0 = Debug|Any CPU
		{DE683D33-3497-414D-95A1-2AC6C54BFF77}.Release|Any CPU.ActiveCfg = Release|Any CPU
		{DE683D33-3497-414D-95A1-2AC6C54BFF77}.Release|Any CPU.Build.0 = Release|Any CPU
		{07C87529-D0F6-43E8-A76A-6243F288DECC}.Debug|Any CPU.ActiveCfg = Debug|Any CPU
		{07C87529-D0F6-43E8-A76A-6243F288DECC}.Debug|Any CPU.Build.0 = Debug|Any CPU
		{07C87529-D0F6-43E8-A76A-6243F288DECC}.Release|Any CPU.ActiveCfg = Release|Any CPU
		{07C87529-D0F6-43E8-A76A-6243F288DECC}.Release|Any CPU.Build.0 = Release|Any CPU
		{D08E99E0-E410-4AC3-8170-8B5EEBB81AB1}.Debug|Any CPU.ActiveCfg = Debug|Any CPU
		{D08E99E0-E410-4AC3-8170-8B5EEBB81AB1}.Debug|Any CPU.Build.0 = Debug|Any CPU
		{D08E99E0-E410-4AC3-8170-8B5EEBB81AB1}.Release|Any CPU.ActiveCfg = Release|Any CPU
		{D08E99E0-E410-4AC3-8170-8B5EEBB81AB1}.Release|Any CPU.Build.0 = Release|Any CPU
		{46549F11-2ABF-4955-9F3A-866A3123D5F3}.Debug|Any CPU.ActiveCfg = Debug|Any CPU
		{46549F11-2ABF-4955-9F3A-866A3123D5F3}.Debug|Any CPU.Build.0 = Debug|Any CPU
		{46549F11-2ABF-4955-9F3A-866A3123D5F3}.Release|Any CPU.ActiveCfg = Release|Any CPU
		{46549F11-2ABF-4955-9F3A-866A3123D5F3}.Release|Any CPU.Build.0 = Release|Any CPU
		{6EECB5FF-FB55-4C10-8BD3-0026ACD90A10}.Debug|Any CPU.ActiveCfg = Debug|Any CPU
		{6EECB5FF-FB55-4C10-8BD3-0026ACD90A10}.Debug|Any CPU.Build.0 = Debug|Any CPU
		{6EECB5FF-FB55-4C10-8BD3-0026ACD90A10}.Release|Any CPU.ActiveCfg = Release|Any CPU
		{6EECB5FF-FB55-4C10-8BD3-0026ACD90A10}.Release|Any CPU.Build.0 = Release|Any CPU
		{45FD8011-7183-408D-874D-59242E31270C}.Debug|Any CPU.ActiveCfg = Debug|Any CPU
		{45FD8011-7183-408D-874D-59242E31270C}.Debug|Any CPU.Build.0 = Debug|Any CPU
		{45FD8011-7183-408D-874D-59242E31270C}.Release|Any CPU.ActiveCfg = Release|Any CPU
		{45FD8011-7183-408D-874D-59242E31270C}.Release|Any CPU.Build.0 = Release|Any CPU
		{09FEC4DC-CAE1-4C46-8004-444FEF09CCB0}.Debug|Any CPU.ActiveCfg = Debug|Any CPU
		{09FEC4DC-CAE1-4C46-8004-444FEF09CCB0}.Debug|Any CPU.Build.0 = Debug|Any CPU
		{09FEC4DC-CAE1-4C46-8004-444FEF09CCB0}.Release|Any CPU.ActiveCfg = Release|Any CPU
		{09FEC4DC-CAE1-4C46-8004-444FEF09CCB0}.Release|Any CPU.Build.0 = Release|Any CPU
		{91E31F1D-16DB-4357-B740-9DD731C18506}.Debug|Any CPU.ActiveCfg = Debug|Any CPU
		{91E31F1D-16DB-4357-B740-9DD731C18506}.Debug|Any CPU.Build.0 = Debug|Any CPU
		{91E31F1D-16DB-4357-B740-9DD731C18506}.Release|Any CPU.ActiveCfg = Release|Any CPU
		{91E31F1D-16DB-4357-B740-9DD731C18506}.Release|Any CPU.Build.0 = Release|Any CPU
		{9697D269-21A1-4300-9A89-C16F0EF2BE6C}.Debug|Any CPU.ActiveCfg = Debug|Any CPU
		{9697D269-21A1-4300-9A89-C16F0EF2BE6C}.Debug|Any CPU.Build.0 = Debug|Any CPU
		{9697D269-21A1-4300-9A89-C16F0EF2BE6C}.Release|Any CPU.ActiveCfg = Release|Any CPU
		{9697D269-21A1-4300-9A89-C16F0EF2BE6C}.Release|Any CPU.Build.0 = Release|Any CPU
		{8E67ADFB-AF15-4702-AE0D-9CCAF4457D39}.Debug|Any CPU.ActiveCfg = Debug|Any CPU
		{8E67ADFB-AF15-4702-AE0D-9CCAF4457D39}.Debug|Any CPU.Build.0 = Debug|Any CPU
		{8E67ADFB-AF15-4702-AE0D-9CCAF4457D39}.Release|Any CPU.ActiveCfg = Release|Any CPU
		{8E67ADFB-AF15-4702-AE0D-9CCAF4457D39}.Release|Any CPU.Build.0 = Release|Any CPU
	EndGlobalSection
	GlobalSection(SolutionProperties) = preSolution
		HideSolutionNode = FALSE
	EndGlobalSection
	GlobalSection(NestedProjects) = preSolution
		{09A8E7C6-972C-4DF9-BE21-8EBB61C3E271} = {FA01BF3F-5D52-4936-95C0-AD8725896594}
		{E035D131-5856-4360-82E3-3F131DDD2F1D} = {3A96B384-8937-49AD-80C4-7E7DD6CD5B4A}
		{FA01BF3F-5D52-4936-95C0-AD8725896594} = {3A96B384-8937-49AD-80C4-7E7DD6CD5B4A}
		{5273DC22-6984-42F8-820D-EE59DD1487E3} = {3A96B384-8937-49AD-80C4-7E7DD6CD5B4A}
		{D17966A5-EEA3-4FAC-B95F-384F8FB2BDA5} = {E035D131-5856-4360-82E3-3F131DDD2F1D}
		{6A6DF913-99D4-48DF-AA90-C24520A723C7} = {E035D131-5856-4360-82E3-3F131DDD2F1D}
		{AE5E4C8F-8D63-4757-9340-EC4941803EF8} = {E035D131-5856-4360-82E3-3F131DDD2F1D}
		{797F9C6D-3652-45D2-9DAB-CFCD06392467} = {E035D131-5856-4360-82E3-3F131DDD2F1D}
		{FF793DD2-60AE-4BCB-9146-D164EE1D2829} = {8F80A299-DC2B-4629-9E0F-81C0E2C69436}
		{08498998-CB01-4B1D-8181-DB7C25E12387} = {C5739CE0-A5B6-44A0-81E6-4B406C78B921}
		{A3C924E5-B909-46D9-9DBB-14D2E2F6A35C} = {C5739CE0-A5B6-44A0-81E6-4B406C78B921}
		{88B9570B-77AB-4B26-976C-A1BAF369D43E} = {C5739CE0-A5B6-44A0-81E6-4B406C78B921}
		{43E41CDC-48C7-498D-9CA5-57DC85AAE4E2} = {5273DC22-6984-42F8-820D-EE59DD1487E3}
		{31E55A85-34FD-4D8E-8026-D5BF59BC2040} = {F5B1D267-145D-48AF-B4B5-7CC3826EB197}
		{4A0DEA60-4C9C-45D5-925F-1941E24FE9B6} = {31E55A85-34FD-4D8E-8026-D5BF59BC2040}
		{B4F50359-9A3D-44D9-A5F2-54A227BBC7FC} = {31E55A85-34FD-4D8E-8026-D5BF59BC2040}
		{8F80A299-DC2B-4629-9E0F-81C0E2C69436} = {F5B1D267-145D-48AF-B4B5-7CC3826EB197}
		{CCCA32B3-6A67-4384-884D-9D88F349D5D8} = {8F80A299-DC2B-4629-9E0F-81C0E2C69436}
		{48DE3F27-0246-4F67-9405-9D357D8700EE} = {CCCA32B3-6A67-4384-884D-9D88F349D5D8}
		{CB9BAF50-B3EC-4011-A153-A53CDDF7E1FE} = {FA01BF3F-5D52-4936-95C0-AD8725896594}
		{D5968002-028F-4009-96AD-A1E881210074} = {31E55A85-34FD-4D8E-8026-D5BF59BC2040}
		{0D9CA290-5BA1-41EA-A68D-CC47BCECC35D} = {5273DC22-6984-42F8-820D-EE59DD1487E3}
		{4C258B43-C76E-4955-93FF-A1845D2F8A5E} = {E035D131-5856-4360-82E3-3F131DDD2F1D}
		{2BC847ED-4DDE-460C-A30A-3AF5AAF8C294} = {31E55A85-34FD-4D8E-8026-D5BF59BC2040}
		{6FC136C7-535B-4DF7-82E8-48D07072E3ED} = {E035D131-5856-4360-82E3-3F131DDD2F1D}
		{B84C76E2-0C8D-4228-86B0-59733098CDF4} = {31E55A85-34FD-4D8E-8026-D5BF59BC2040}
		{2DEE2C8A-ABB1-4310-800C-FD13EF88A481} = {F5B1D267-145D-48AF-B4B5-7CC3826EB197}
		{EE858827-127B-4B37-B877-2022E3350862} = {2DEE2C8A-ABB1-4310-800C-FD13EF88A481}
		{90EECE15-7576-4125-82CE-0B6C29BD3C96} = {EE858827-127B-4B37-B877-2022E3350862}
		{C5739CE0-A5B6-44A0-81E6-4B406C78B921} = {FF793DD2-60AE-4BCB-9146-D164EE1D2829}
		{B1A1FB70-EA24-4E3E-B1CD-17EC0ABFBDDB} = {FF793DD2-60AE-4BCB-9146-D164EE1D2829}
		{4475DBCF-27E4-4887-9A1B-3ECC5F76572A} = {B1A1FB70-EA24-4E3E-B1CD-17EC0ABFBDDB}
		{CA85D3EF-893A-4DB9-B143-C73FB44531CA} = {5273DC22-6984-42F8-820D-EE59DD1487E3}
		{DFD15AE6-48F7-4CFB-99E5-B60CAD662805} = {8F80A299-DC2B-4629-9E0F-81C0E2C69436}
		{682DE133-C25C-4373-ACE4-F4AAD3B6BCB3} = {DFD15AE6-48F7-4CFB-99E5-B60CAD662805}
		{EE8DE8C1-44CB-4772-948C-98167B5C7686} = {DFD15AE6-48F7-4CFB-99E5-B60CAD662805}
		{8F03C9CC-18B6-4700-A4EE-26BC3333B751} = {DFD15AE6-48F7-4CFB-99E5-B60CAD662805}
		{8CCD899B-82B6-47CD-BE11-B08DA5D8F0C1} = {EE8DE8C1-44CB-4772-948C-98167B5C7686}
		{C20F9C9D-8D96-4801-B7A7-2916A71D6EA1} = {31E55A85-34FD-4D8E-8026-D5BF59BC2040}
		{4EF74CCF-9CAB-4C68-AE2E-D07C6112182D} = {31E55A85-34FD-4D8E-8026-D5BF59BC2040}
		{10B24AB1-F96E-4FF4-8E37-6995801AE036} = {4EF74CCF-9CAB-4C68-AE2E-D07C6112182D}
		{DE683D33-3497-414D-95A1-2AC6C54BFF77} = {4EF74CCF-9CAB-4C68-AE2E-D07C6112182D}
		{52782757-EC7C-42FD-85C9-17566C9FAD7F} = {F5B1D267-145D-48AF-B4B5-7CC3826EB197}
		{7CE7EEA5-EAA5-4FE9-914B-799CB2E3E13A} = {52782757-EC7C-42FD-85C9-17566C9FAD7F}
		{07C87529-D0F6-43E8-A76A-6243F288DECC} = {7CE7EEA5-EAA5-4FE9-914B-799CB2E3E13A}
		{D08E99E0-E410-4AC3-8170-8B5EEBB81AB1} = {7CE7EEA5-EAA5-4FE9-914B-799CB2E3E13A}
		{FD0317B1-5DDC-4191-9EE2-8BEDDCA547E8} = {FF793DD2-60AE-4BCB-9146-D164EE1D2829}
		{46549F11-2ABF-4955-9F3A-866A3123D5F3} = {FD0317B1-5DDC-4191-9EE2-8BEDDCA547E8}
		{6EECB5FF-FB55-4C10-8BD3-0026ACD90A10} = {EE858827-127B-4B37-B877-2022E3350862}
		{45FD8011-7183-408D-874D-59242E31270C} = {EE858827-127B-4B37-B877-2022E3350862}
		{09FEC4DC-CAE1-4C46-8004-444FEF09CCB0} = {EE858827-127B-4B37-B877-2022E3350862}
		{91E31F1D-16DB-4357-B740-9DD731C18506} = {31E55A85-34FD-4D8E-8026-D5BF59BC2040}
		{9697D269-21A1-4300-9A89-C16F0EF2BE6C} = {EE8DE8C1-44CB-4772-948C-98167B5C7686}
		{8E67ADFB-AF15-4702-AE0D-9CCAF4457D39} = {EE858827-127B-4B37-B877-2022E3350862}
	EndGlobalSection
	GlobalSection(ExtensibilityGlobals) = postSolution
		SolutionGuid = {F63AD2ED-4320-43AB-8761-A3FEBC507539}
	EndGlobalSection
EndGlobal
